
Microsoft Visual Studio Solution File, Format Version 12.00
# Visual Studio 14
VisualStudioVersion = 14.0.25420.1
MinimumVisualStudioVersion = 10.0.40219.1
Project("{FAE04EC0-301F-11D3-BF4B-00C04F79EFBC}") = "SalaryCalculatorTest", "SalaryCalculatorTest\SalaryCalculatorTest.csproj", "{62E123C6-CE00-4780-B3DF-78E99877273B}"
EndProject
Project("{FAE04EC0-301F-11D3-BF4B-00C04F79EFBC}") = "Calculator", "Calculator\Calculator.csproj", "{FEC8B4DB-EF89-4699-948E-55C0A578FB6B}"
EndProject
Global
	GlobalSection(SolutionConfigurationPlatforms) = preSolution
		Debug|Any CPU = Debug|Any CPU
		Release|Any CPU = Release|Any CPU
	EndGlobalSection
	GlobalSection(ProjectConfigurationPlatforms) = postSolution
		{62E123C6-CE00-4780-B3DF-78E99877273B}.Debug|Any CPU.ActiveCfg = Debug|Any CPU
		{62E123C6-CE00-4780-B3DF-78E99877273B}.Debug|Any CPU.Build.0 = Debug|Any CPU
		{62E123C6-CE00-4780-B3DF-78E99877273B}.Release|Any CPU.ActiveCfg = Release|Any CPU
		{62E123C6-CE00-4780-B3DF-78E99877273B}.Release|Any CPU.Build.0 = Release|Any CPU
		{FEC8B4DB-EF89-4699-948E-55C0A578FB6B}.Debug|Any CPU.ActiveCfg = Debug|Any CPU
		{FEC8B4DB-EF89-4699-948E-55C0A578FB6B}.Debug|Any CPU.Build.0 = Debug|Any CPU
		{FEC8B4DB-EF89-4699-948E-55C0A578FB6B}.Release|Any CPU.ActiveCfg = Release|Any CPU
		{FEC8B4DB-EF89-4699-948E-55C0A578FB6B}.Release|Any CPU.Build.0 = Release|Any CPU
	EndGlobalSection
	GlobalSection(SolutionProperties) = preSolution
		HideSolutionNode = FALSE
	EndGlobalSection
EndGlobal
